
Microsoft Visual Studio Solution File, Format Version 12.00
# Visual Studio Version 17
VisualStudioVersion = 17.0.31903.59
MinimumVisualStudioVersion = 10.0.40219.1
Project("{9A19103F-16F7-4668-BE54-9A1E7A4F7556}") = "BudgetTracker.site", "BudgetTracker.site\BudgetTracker.site.csproj", "{9128C80F-1F6E-4341-BF84-4D91200EE4EF}"
<<<<<<< HEAD
=======
EndProject
Project("{FAE04EC0-301F-11D3-BF4B-00C04F79EFBC}") = "BudgetTracker.core", "BudgetTracker.core\BudgetTracker.core.csproj", "{14946624-BA87-446E-B2D6-4BA3FE761553}"
>>>>>>> BudgetBranch
EndProject
Global
	GlobalSection(SolutionConfigurationPlatforms) = preSolution
		Debug|Any CPU = Debug|Any CPU
		Release|Any CPU = Release|Any CPU
	EndGlobalSection
	GlobalSection(ProjectConfigurationPlatforms) = postSolution
		{9128C80F-1F6E-4341-BF84-4D91200EE4EF}.Debug|Any CPU.ActiveCfg = Debug|Any CPU
		{9128C80F-1F6E-4341-BF84-4D91200EE4EF}.Debug|Any CPU.Build.0 = Debug|Any CPU
		{9128C80F-1F6E-4341-BF84-4D91200EE4EF}.Release|Any CPU.ActiveCfg = Release|Any CPU
		{9128C80F-1F6E-4341-BF84-4D91200EE4EF}.Release|Any CPU.Build.0 = Release|Any CPU
		{14946624-BA87-446E-B2D6-4BA3FE761553}.Debug|Any CPU.ActiveCfg = Debug|Any CPU
		{14946624-BA87-446E-B2D6-4BA3FE761553}.Debug|Any CPU.Build.0 = Debug|Any CPU
		{14946624-BA87-446E-B2D6-4BA3FE761553}.Release|Any CPU.ActiveCfg = Release|Any CPU
		{14946624-BA87-446E-B2D6-4BA3FE761553}.Release|Any CPU.Build.0 = Release|Any CPU
	EndGlobalSection
	GlobalSection(SolutionProperties) = preSolution
		HideSolutionNode = FALSE
	EndGlobalSection
	GlobalSection(SolutionProperties) = preSolution
		HideSolutionNode = FALSE
	EndGlobalSection
EndGlobal
